{
  "version": 4,
  "terraform_version": "0.14.4",
  "serial": 85,
  "lineage": "744f2d7e-54bd-f92e-fcfa-18116b6a75a6",
  "outputs": {},
  "resources": [
    {
      "mode": "data",
      "type": "template_file",
      "name": "buildspec",
      "provider": "provider[\"registry.terraform.io/hashicorp/template\"]",
      "instances": [
        {
          "schema_version": 0,
          "attributes": {
            "filename": null,
            "id": "69387ac97f1b775f19989fc28150f89e785406cbff04643a969f5e396573dd5c",
            "rendered": "buildspec.yml",
            "template": "buildspec.yml",
            "vars": null
          },
          "sensitive_attributes": []
        }
      ]
    },
    {
      "mode": "managed",
      "type": "aws_codebuild_project",
      "name": "react_native_build",
      "provider": "provider[\"registry.terraform.io/hashicorp/aws\"]",
      "instances": [
        {
          "schema_version": 0,
          "attributes": {
            "arn": "arn:aws:codebuild:ap-south-1:228431726353:project/react_native_build",
            "artifacts": [
              {
                "artifact_identifier": "",
                "bucket_owner_access": "",
                "encryption_disabled": false,
                "location": "artifacts-bucket-devops",
                "name": "react_native_build-dev",
                "namespace_type": "",
                "override_artifact_name": false,
                "packaging": "NONE",
                "path": "app/build/outputs/app-debug.apk",
                "type": "CODEPIPELINE"
              }
            ],
            "badge_enabled": false,
            "badge_url": "",
            "build_batch_config": [],
            "build_timeout": 60,
            "cache": [
              {
                "location": "",
                "modes": [],
                "type": "NO_CACHE"
              }
            ],
            "concurrent_build_limit": 0,
            "description": "",
            "encryption_key": "arn:aws:kms:ap-south-1:228431726353:alias/aws/s3",
            "environment": [
              {
                "certificate": "",
                "compute_type": "BUILD_GENERAL1_SMALL",
                "environment_variable": [],
                "image": "aws/codebuild/amazonlinux2-x86_64-standard:2.0",
                "image_pull_credentials_type": "CODEBUILD",
                "privileged_mode": false,
                "registry_credential": [],
                "type": "LINUX_CONTAINER"
              }
            ],
            "file_system_locations": [],
            "id": "arn:aws:codebuild:ap-south-1:228431726353:project/react_native_build",
            "logs_config": [
              {
                "cloudwatch_logs": [
                  {
                    "group_name": "",
                    "status": "ENABLED",
                    "stream_name": ""
                  }
                ],
                "s3_logs": [
                  {
                    "bucket_owner_access": "",
                    "encryption_disabled": false,
                    "location": "",
                    "status": "DISABLED"
                  }
                ]
              }
            ],
            "name": "react_native_build",
            "project_visibility": "PRIVATE",
            "public_project_alias": "",
            "queued_timeout": 480,
            "resource_access_role": "",
            "secondary_artifacts": [],
            "secondary_source_version": [],
            "secondary_sources": [],
            "service_role": "arn:aws:iam::228431726353:role/codebuild_role",
            "source": [
              {
                "auth": [],
                "build_status_config": [],
                "buildspec": "buildspec.yml",
                "git_clone_depth": 0,
                "git_submodules_config": [],
                "insecure_ssl": false,
                "location": "",
                "report_build_status": false,
                "type": "CODEPIPELINE"
              }
            ],
            "source_version": "",
            "tags": {
              "Environment": "dev"
            },
            "tags_all": {
              "Environment": "dev"
            },
            "vpc_config": []
          },
          "sensitive_attributes": [],
          "private": "bnVsbA==",
          "dependencies": [
            "aws_iam_role.codebuild_role",
            "data.template_file.buildspec"
          ]
        }
      ]
    },
    {
      "mode": "managed",
      "type": "aws_codepipeline",
      "name": "react_native_pipeline",
      "provider": "provider[\"registry.terraform.io/hashicorp/aws\"]",
      "instances": [
        {
          "schema_version": 0,
          "attributes": {
            "arn": "arn:aws:codepipeline:ap-south-1:228431726353:react_native_pipeline",
            "artifact_store": [
              {
                "encryption_key": [],
                "location": "artifacts-bucket-devops",
                "region": "",
                "type": "S3"
              }
            ],
            "id": "react_native_pipeline",
            "name": "react_native_pipeline",
            "role_arn": "arn:aws:iam::228431726353:role/test-role",
            "stage": [
              {
                "action": [
                  {
                    "category": "Source",
                    "configuration": {
                      "Branch": "main",
                      "OAuthToken": "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",
                      "Owner": "shivani3495",
                      "Repo": "build-apk"
                    },
                    "input_artifacts": [],
                    "name": "Source",
                    "namespace": "",
                    "output_artifacts": [
                      "SourceArtifact"
                    ],
                    "owner": "ThirdParty",
                    "provider": "GitHub",
                    "region": "",
                    "role_arn": "",
                    "run_order": 1,
                    "version": "1"
                  }
                ],
                "name": "Source"
              },
              {
                "action": [
                  {
                    "category": "Build",
                    "configuration": {
                      "EnvironmentVariables": "[{\"name\":\"environment\",\"type\":\"PLAINTEXT\",\"value\":\"dev\"}]",
                      "ProjectName": "react_native_build"
                    },
                    "input_artifacts": [
                      "SourceArtifact"
                    ],
                    "name": "Build",
                    "namespace": "",
                    "output_artifacts": [
                      "BuildArtifact"
                    ],
                    "owner": "AWS",
                    "provider": "CodeBuild",
                    "region": "",
                    "role_arn": "",
                    "run_order": 1,
                    "version": "1"
                  }
                ],
                "name": "Build"
              },
              {
                "action": [
                  {
                    "category": "Deploy",
                    "configuration": {
                      "BucketName": "artifacts-bucket-devops",
                      "Extract": "true"
                    },
                    "input_artifacts": [
                      "BuildArtifact"
                    ],
                    "name": "Deploy",
                    "namespace": "",
                    "output_artifacts": [],
                    "owner": "AWS",
                    "provider": "S3",
                    "region": "",
                    "role_arn": "",
                    "run_order": 1,
                    "version": "1"
                  }
                ],
                "name": "Deploy"
              }
            ],
            "tags": {
              "Environment": "dev"
            },
            "tags_all": {
              "Environment": "dev"
            }
          },
          "sensitive_attributes": [],
          "private": "bnVsbA==",
          "dependencies": [
            "aws_iam_role.codepipeline_role"
          ]
        }
      ]
    },
    {
      "mode": "managed",
      "type": "aws_iam_role",
      "name": "codebuild_role",
      "provider": "provider[\"registry.terraform.io/hashicorp/aws\"]",
      "instances": [
        {
          "schema_version": 0,
          "attributes": {
            "arn": "arn:aws:iam::228431726353:role/codebuild_role",
            "assume_role_policy": "{\"Version\":\"2012-10-17\",\"Statement\":[{\"Effect\":\"Allow\",\"Principal\":{\"Service\":\"codebuild.amazonaws.com\"},\"Action\":\"sts:AssumeRole\"}]}",
            "create_date": "2022-02-01T05:20:41Z",
            "description": "",
            "force_detach_policies": false,
            "id": "codebuild_role",
            "inline_policy": [
              {
                "name": "codebuild_policy",
                "policy": "{\r\n    \"Version\": \"2012-10-17\",\r\n    \"Statement\": [\r\n       \r\n        {\r\n            \"Effect\": \"Allow\",\r\n            \"Resource\": [\r\n                \"arn:aws:s3:::artifacts-bucket-devops/*\"\r\n            ],\r\n            \"Action\": [\r\n                \"s3:PutObject\",\r\n                \"s3:GetObject\",\r\n                \"s3:GetObjectVersion\",\r\n                \"s3:GetBucketAcl\",\r\n                \"s3:GetBucketLocation\"\r\n            ]\r\n        },\r\n        {\r\n          \"Effect\": \"Allow\",\r\n          \"Resource\": [\r\n            \"*\"\r\n          ],\r\n          \"Action\": [\r\n            \"logs:CreateLogGroup\",\r\n            \"logs:CreateLogStream\",\r\n            \"logs:PutLogEvents\"\r\n          ]\r\n        }\r\n    ]\r\n}\r\n"
              }
            ],
            "managed_policy_arns": [],
            "max_session_duration": 3600,
            "name": "codebuild_role",
            "name_prefix": "",
            "path": "/",
            "permissions_boundary": null,
            "tags": {},
            "tags_all": {},
            "unique_id": "AROATKL4XQ4IY7OSCK7DV"
          },
          "sensitive_attributes": [],
          "private": "bnVsbA=="
        }
      ]
    },
    {
      "mode": "managed",
      "type": "aws_iam_role",
      "name": "codepipeline_role",
      "provider": "provider[\"registry.terraform.io/hashicorp/aws\"]",
      "instances": [
        {
          "schema_version": 0,
          "attributes": {
            "arn": "arn:aws:iam::228431726353:role/test-role",
            "assume_role_policy": "{\"Version\":\"2012-10-17\",\"Statement\":[{\"Effect\":\"Allow\",\"Principal\":{\"Service\":\"codepipeline.amazonaws.com\"},\"Action\":\"sts:AssumeRole\"}]}",
            "create_date": "2022-02-01T05:20:41Z",
            "description": "",
            "force_detach_policies": false,
            "id": "test-role",
            "inline_policy": [
              {
                "name": "codepipeline_policy",
                "policy": "{\r\n  \"Version\": \"2012-10-17\",\r\n  \"Statement\": [\r\n    {\r\n      \"Effect\":\"Allow\",\r\n      \"Action\": [\r\n        \"s3:GetObject\",\r\n        \"s3:GetObjectVersion\",\r\n        \"s3:GetBucketVersioning\",\r\n        \"s3:PutObject\"\r\n      ],\r\n      \"Resource\": [\r\n        \"*\" \r\n      ]\r\n    },\r\n    {\r\n      \"Effect\": \"Allow\",\r\n      \"Action\": [\r\n        \"codebuild:BatchGetBuilds\",\r\n        \"codebuild:StartBuild\"\r\n      ],\r\n      \"Resource\": \"*\"\r\n    }\r\n  ]\r\n}\r\n"
              }
            ],
            "managed_policy_arns": [],
            "max_session_duration": 3600,
            "name": "test-role",
            "name_prefix": "",
            "path": "/",
            "permissions_boundary": null,
            "tags": {},
            "tags_all": {},
            "unique_id": "AROATKL4XQ4IQMJWNBINW"
          },
          "sensitive_attributes": [],
          "private": "bnVsbA=="
        }
      ]
    },
    {
      "mode": "managed",
      "type": "aws_iam_role_policy",
      "name": "codebuild_policy",
      "provider": "provider[\"registry.terraform.io/hashicorp/aws\"]",
      "instances": [
        {
          "schema_version": 0,
          "attributes": {
            "id": "codebuild_role:codebuild_policy",
            "name": "codebuild_policy",
            "name_prefix": null,
            "policy": "{\r\n    \"Version\": \"2012-10-17\",\r\n    \"Statement\": [\r\n       \r\n        {\r\n            \"Effect\": \"Allow\",\r\n            \"Resource\": [\r\n                \"arn:aws:s3:::artifacts-bucket-devops/*\"\r\n            ],\r\n            \"Action\": [\r\n                \"s3:PutObject\",\r\n                \"s3:GetObject\",\r\n                \"s3:GetObjectVersion\",\r\n                \"s3:GetBucketAcl\",\r\n                \"s3:GetBucketLocation\"\r\n            ]\r\n        },\r\n        {\r\n          \"Effect\": \"Allow\",\r\n          \"Resource\": [\r\n            \"*\"\r\n          ],\r\n          \"Action\": [\r\n            \"logs:CreateLogGroup\",\r\n            \"logs:CreateLogStream\",\r\n            \"logs:PutLogEvents\"\r\n          ]\r\n        }\r\n    ]\r\n}\r\n",
            "role": "codebuild_role"
          },
          "sensitive_attributes": [],
          "private": "bnVsbA==",
          "dependencies": [
            "aws_iam_role.codebuild_role"
          ]
        }
      ]
    },
    {
      "mode": "managed",
      "type": "aws_iam_role_policy",
      "name": "codepipeline_policy",
      "provider": "provider[\"registry.terraform.io/hashicorp/aws\"]",
      "instances": [
        {
          "schema_version": 0,
          "attributes": {
            "id": "test-role:codepipeline_policy",
            "name": "codepipeline_policy",
            "name_prefix": null,
            "policy": "{\r\n  \"Version\": \"2012-10-17\",\r\n  \"Statement\": [\r\n    {\r\n      \"Effect\":\"Allow\",\r\n      \"Action\": [\r\n        \"s3:GetObject\",\r\n        \"s3:GetObjectVersion\",\r\n        \"s3:GetBucketVersioning\",\r\n        \"s3:PutObject\"\r\n      ],\r\n      \"Resource\": [\r\n        \"*\" \r\n      ]\r\n    },\r\n    {\r\n      \"Effect\": \"Allow\",\r\n      \"Action\": [\r\n        \"codebuild:BatchGetBuilds\",\r\n        \"codebuild:StartBuild\"\r\n      ],\r\n      \"Resource\": \"*\"\r\n    }\r\n  ]\r\n}\r\n",
            "role": "test-role"
          },
          "sensitive_attributes": [],
          "private": "bnVsbA==",
          "dependencies": [
            "aws_iam_role.codepipeline_role"
          ]
        }
      ]
    }
  ]
}
